
Microsoft Visual Studio Solution File, Format Version 12.00
# Visual Studio Version 17
VisualStudioVersion = 17.9.34723.18
MinimumVisualStudioVersion = 10.0.40219.1
Project("{FAE04EC0-301F-11D3-BF4B-00C04F79EFBC}") = "pryEtapa3Ambordt", "pryEtapa3Ambordt.csproj", "{B24B95D2-16A8-4D9A-908F-4BBFC37A9BDE}"
EndProject
Global
	GlobalSection(SolutionConfigurationPlatforms) = preSolution
		Debug|Any CPU = Debug|Any CPU
		Release|Any CPU = Release|Any CPU
	EndGlobalSection
	GlobalSection(ProjectConfigurationPlatforms) = postSolution
		{B24B95D2-16A8-4D9A-908F-4BBFC37A9BDE}.Debug|Any CPU.ActiveCfg = Debug|Any CPU
		{B24B95D2-16A8-4D9A-908F-4BBFC37A9BDE}.Debug|Any CPU.Build.0 = Debug|Any CPU
		{B24B95D2-16A8-4D9A-908F-4BBFC37A9BDE}.Release|Any CPU.ActiveCfg = Release|Any CPU
		{B24B95D2-16A8-4D9A-908F-4BBFC37A9BDE}.Release|Any CPU.Build.0 = Release|Any CPU
	EndGlobalSection
	GlobalSection(SolutionProperties) = preSolution
		HideSolutionNode = FALSE
	EndGlobalSection
	GlobalSection(ExtensibilityGlobals) = postSolution
		SolutionGuid = {036F7A23-68FD-4850-9CE9-E6BE70D4B34F}
	EndGlobalSection
EndGlobal
